// !$*UTF8*$!
{
	archiveVersion = 1;
	classes = {
	};
	objectVersion = 50;
	objects = {

/* Begin PBXBuildFile section */
		185E1D5B25DA1DF8001C912C /* AppDelegate.swift in Sources */ = {isa = PBXBuildFile; fileRef = 185E1D5A25DA1DF8001C912C /* AppDelegate.swift */; };
		185E1D5D25DA1DF8001C912C /* SceneDelegate.swift in Sources */ = {isa = PBXBuildFile; fileRef = 185E1D5C25DA1DF8001C912C /* SceneDelegate.swift */; };
		185E1D5F25DA1DF8001C912C /* ContentView.swift in Sources */ = {isa = PBXBuildFile; fileRef = 185E1D5E25DA1DF8001C912C /* ContentView.swift */; };
		185E1D6225DA1DF8001C912C /* Todo_App.xcdatamodeld in Sources */ = {isa = PBXBuildFile; fileRef = 185E1D6025DA1DF8001C912C /* Todo_App.xcdatamodeld */; };
		185E1D6425DA1DFB001C912C /* Assets.xcassets in Resources */ = {isa = PBXBuildFile; fileRef = 185E1D6325DA1DFB001C912C /* Assets.xcassets */; };
		185E1D6725DA1DFB001C912C /* Preview Assets.xcassets in Resources */ = {isa = PBXBuildFile; fileRef = 185E1D6625DA1DFB001C912C /* Preview Assets.xcassets */; };
		185E1D6A25DA1DFB001C912C /* LaunchScreen.storyboard in Resources */ = {isa = PBXBuildFile; fileRef = 185E1D6825DA1DFB001C912C /* LaunchScreen.storyboard */; };
		185E1D7525DA1F1D001C912C /* AddTodoView.swift in Sources */ = {isa = PBXBuildFile; fileRef = 185E1D7425DA1F1D001C912C /* AddTodoView.swift */; };
		18707FED25DE19E800AC7B9A /* EmptyListView.swift in Sources */ = {isa = PBXBuildFile; fileRef = 18707FEC25DE19E800AC7B9A /* EmptyListView.swift */; };
		18B90A0425E35B3F00F1B62D /* FormRowStaticView.swift in Sources */ = {isa = PBXBuildFile; fileRef = 18B90A0325E35B3F00F1B62D /* FormRowStaticView.swift */; };
		18B90A0825E35ED100F1B62D /* FormRowLinkView.swift in Sources */ = {isa = PBXBuildFile; fileRef = 18B90A0725E35ED100F1B62D /* FormRowLinkView.swift */; };
		18B90A0B25E362D900F1B62D /* SettingsView.swift in Sources */ = {isa = PBXBuildFile; fileRef = 18B90A0A25E362D900F1B62D /* SettingsView.swift */; };
/* End PBXBuildFile section */

/* Begin PBXFileReference section */
		185E1D5725DA1DF8001C912C /* Todo App.app */ = {isa = PBXFileReference; explicitFileType = wrapper.application; includeInIndex = 0; path = "Todo App.app"; sourceTree = BUILT_PRODUCTS_DIR; };
		185E1D5A25DA1DF8001C912C /* AppDelegate.swift */ = {isa = PBXFileReference; lastKnownFileType = sourcecode.swift; path = AppDelegate.swift; sourceTree = "<group>"; };
		185E1D5C25DA1DF8001C912C /* SceneDelegate.swift */ = {isa = PBXFileReference; lastKnownFileType = sourcecode.swift; path = SceneDelegate.swift; sourceTree = "<group>"; };
		185E1D5E25DA1DF8001C912C /* ContentView.swift */ = {isa = PBXFileReference; lastKnownFileType = sourcecode.swift; path = ContentView.swift; sourceTree = "<group>"; };
		185E1D6125DA1DF8001C912C /* Todo_App.xcdatamodel */ = {isa = PBXFileReference; lastKnownFileType = wrapper.xcdatamodel; path = Todo_App.xcdatamodel; sourceTree = "<group>"; };
		185E1D6325DA1DFB001C912C /* Assets.xcassets */ = {isa = PBXFileReference; lastKnownFileType = folder.assetcatalog; path = Assets.xcassets; sourceTree = "<group>"; };
		185E1D6625DA1DFB001C912C /* Preview Assets.xcassets */ = {isa = PBXFileReference; lastKnownFileType = folder.assetcatalog; path = "Preview Assets.xcassets"; sourceTree = "<group>"; };
		185E1D6925DA1DFB001C912C /* Base */ = {isa = PBXFileReference; lastKnownFileType = file.storyboard; name = Base; path = Base.lproj/LaunchScreen.storyboard; sourceTree = "<group>"; };
		185E1D6B25DA1DFB001C912C /* Info.plist */ = {isa = PBXFileReference; lastKnownFileType = text.plist.xml; path = Info.plist; sourceTree = "<group>"; };
		185E1D7425DA1F1D001C912C /* AddTodoView.swift */ = {isa = PBXFileReference; lastKnownFileType = sourcecode.swift; path = AddTodoView.swift; sourceTree = "<group>"; };
		18707FEC25DE19E800AC7B9A /* EmptyListView.swift */ = {isa = PBXFileReference; lastKnownFileType = sourcecode.swift; path = EmptyListView.swift; sourceTree = "<group>"; };
		18B90A0325E35B3F00F1B62D /* FormRowStaticView.swift */ = {isa = PBXFileReference; lastKnownFileType = sourcecode.swift; path = FormRowStaticView.swift; sourceTree = "<group>"; };
		18B90A0725E35ED100F1B62D /* FormRowLinkView.swift */ = {isa = PBXFileReference; lastKnownFileType = sourcecode.swift; path = FormRowLinkView.swift; sourceTree = "<group>"; };
		18B90A0A25E362D900F1B62D /* SettingsView.swift */ = {isa = PBXFileReference; lastKnownFileType = sourcecode.swift; path = SettingsView.swift; sourceTree = "<group>"; };
/* End PBXFileReference section */

/* Begin PBXFrameworksBuildPhase section */
		185E1D5425DA1DF8001C912C /* Frameworks */ = {
			isa = PBXFrameworksBuildPhase;
			buildActionMask = 2147483647;
			files = (
			);
			runOnlyForDeploymentPostprocessing = 0;
		};
/* End PBXFrameworksBuildPhase section */

/* Begin PBXGroup section */
		185E1D4E25DA1DF8001C912C = {
			isa = PBXGroup;
			children = (
				185E1D5925DA1DF8001C912C /* Todo App */,
				185E1D5825DA1DF8001C912C /* Products */,
			);
			sourceTree = "<group>";
		};
		185E1D5825DA1DF8001C912C /* Products */ = {
			isa = PBXGroup;
			children = (
				185E1D5725DA1DF8001C912C /* Todo App.app */,
			);
			name = Products;
			sourceTree = "<group>";
		};
		185E1D5925DA1DF8001C912C /* Todo App */ = {
			isa = PBXGroup;
			children = (
				185E1D7325DA1E74001C912C /* View */,
				185E1D6325DA1DFB001C912C /* Assets.xcassets */,
				185E1D6825DA1DFB001C912C /* LaunchScreen.storyboard */,
				185E1D6B25DA1DFB001C912C /* Info.plist */,
				185E1D6025DA1DF8001C912C /* Todo_App.xcdatamodeld */,
				185E1D6525DA1DFB001C912C /* Preview Content */,
			);
			path = "Todo App";
			sourceTree = "<group>";
		};
		185E1D6525DA1DFB001C912C /* Preview Content */ = {
			isa = PBXGroup;
			children = (
				185E1D6625DA1DFB001C912C /* Preview Assets.xcassets */,
			);
			path = "Preview Content";
			sourceTree = "<group>";
		};
		185E1D7325DA1E74001C912C /* View */ = {
			isa = PBXGroup;
			children = (
				185E1D5E25DA1DF8001C912C /* ContentView.swift */,
				185E1D7425DA1F1D001C912C /* AddTodoView.swift */,
				18707FEC25DE19E800AC7B9A /* EmptyListView.swift */,
				18B90A0A25E362D900F1B62D /* SettingsView.swift */,
				18B90A0325E35B3F00F1B62D /* FormRowStaticView.swift */,
				18B90A0725E35ED100F1B62D /* FormRowLinkView.swift */,
				185E1D5C25DA1DF8001C912C /* SceneDelegate.swift */,
				185E1D5A25DA1DF8001C912C /* AppDelegate.swift */,
			);
			path = View;
			sourceTree = "<group>";
		};
/* End PBXGroup section */

/* Begin PBXNativeTarget section */
		185E1D5625DA1DF8001C912C /* Todo App */ = {
			isa = PBXNativeTarget;
			buildConfigurationList = 185E1D6E25DA1DFB001C912C /* Build configuration list for PBXNativeTarget "Todo App" */;
			buildPhases = (
				185E1D5325DA1DF8001C912C /* Sources */,
				185E1D5425DA1DF8001C912C /* Frameworks */,
				185E1D5525DA1DF8001C912C /* Resources */,
			);
			buildRules = (
			);
			dependencies = (
			);
			name = "Todo App";
			productName = "Todo App";
			productReference = 185E1D5725DA1DF8001C912C /* Todo App.app */;
			productType = "com.apple.product-type.application";
		};
/* End PBXNativeTarget section */

/* Begin PBXProject section */
		185E1D4F25DA1DF8001C912C /* Project object */ = {
			isa = PBXProject;
			attributes = {
				LastSwiftUpdateCheck = 1210;
				LastUpgradeCheck = 1210;
				TargetAttributes = {
					185E1D5625DA1DF8001C912C = {
						CreatedOnToolsVersion = 12.1;
					};
				};
			};
			buildConfigurationList = 185E1D5225DA1DF8001C912C /* Build configuration list for PBXProject "Todo App" */;
			compatibilityVersion = "Xcode 9.3";
			developmentRegion = en;
			hasScannedForEncodings = 0;
			knownRegions = (
				en,
				Base,
			);
			mainGroup = 185E1D4E25DA1DF8001C912C;
			productRefGroup = 185E1D5825DA1DF8001C912C /* Products */;
			projectDirPath = "";
			projectRoot = "";
			targets = (
				185E1D5625DA1DF8001C912C /* Todo App */,
			);
		};
/* End PBXProject section */

/* Begin PBXResourcesBuildPhase section */
		185E1D5525DA1DF8001C912C /* Resources */ = {
			isa = PBXResourcesBuildPhase;
			buildActionMask = 2147483647;
			files = (
				185E1D6A25DA1DFB001C912C /* LaunchScreen.storyboard in Resources */,
				185E1D6725DA1DFB001C912C /* Preview Assets.xcassets in Resources */,
				185E1D6425DA1DFB001C912C /* Assets.xcassets in Resources */,
			);
			runOnlyForDeploymentPostprocessing = 0;
		};
/* End PBXResourcesBuildPhase section */

/* Begin PBXSourcesBuildPhase section */
		185E1D5325DA1DF8001C912C /* Sources */ = {
			isa = PBXSourcesBuildPhase;
			buildActionMask = 2147483647;
			files = (
				18B90A0425E35B3F00F1B62D /* FormRowStaticView.swift in Sources */,
				185E1D5B25DA1DF8001C912C /* AppDelegate.swift in Sources */,
				185E1D5D25DA1DF8001C912C /* SceneDelegate.swift in Sources */,
				18B90A0B25E362D900F1B62D /* SettingsView.swift in Sources */,
				18707FED25DE19E800AC7B9A /* EmptyListView.swift in Sources */,
				185E1D5F25DA1DF8001C912C /* ContentView.swift in Sources */,
				18B90A0825E35ED100F1B62D /* FormRowLinkView.swift in Sources */,
				185E1D6225DA1DF8001C912C /* Todo_App.xcdatamodeld in Sources */,
				185E1D7525DA1F1D001C912C /* AddTodoView.swift in Sources */,
			);
			runOnlyForDeploymentPostprocessing = 0;
		};
/* End PBXSourcesBuildPhase section */

/* Begin PBXVariantGroup section */
		185E1D6825DA1DFB001C912C /* LaunchScreen.storyboard */ = {
			isa = PBXVariantGroup;
			children = (
				185E1D6925DA1DFB001C912C /* Base */,
			);
			name = LaunchScreen.storyboard;
			sourceTree = "<group>";
		};
/* End PBXVariantGroup section */

/* Begin XCBuildConfiguration section */
		185E1D6C25DA1DFB001C912C /* Debug */ = {
			isa = XCBuildConfiguration;
			buildSettings = {
				ALWAYS_SEARCH_USER_PATHS = NO;
				CLANG_ANALYZER_NONNULL = YES;
				CLANG_ANALYZER_NUMBER_OBJECT_CONVERSION = YES_AGGRESSIVE;
				CLANG_CXX_LANGUAGE_STANDARD = "gnu++14";
				CLANG_CXX_LIBRARY = "libc++";
				CLANG_ENABLE_MODULES = YES;
				CLANG_ENABLE_OBJC_ARC = YES;
				CLANG_ENABLE_OBJC_WEAK = YES;
				CLANG_WARN_BLOCK_CAPTURE_AUTORELEASING = YES;
				CLANG_WARN_BOOL_CONVERSION = YES;
				CLANG_WARN_COMMA = YES;
				CLANG_WARN_CONSTANT_CONVERSION = YES;
				CLANG_WARN_DEPRECATED_OBJC_IMPLEMENTATIONS = YES;
				CLANG_WARN_DIRECT_OBJC_ISA_USAGE = YES_ERROR;
				CLANG_WARN_DOCUMENTATION_COMMENTS = YES;
				CLANG_WARN_EMPTY_BODY = YES;
				CLANG_WARN_ENUM_CONVERSION = YES;
				CLANG_WARN_INFINITE_RECURSION = YES;
				CLANG_WARN_INT_CONVERSION = YES;
				CLANG_WARN_NON_LITERAL_NULL_CONVERSION = YES;
				CLANG_WARN_OBJC_IMPLICIT_RETAIN_SELF = YES;
				CLANG_WARN_OBJC_LITERAL_CONVERSION = YES;
				CLANG_WARN_OBJC_ROOT_CLASS = YES_ERROR;
				CLANG_WARN_QUOTED_INCLUDE_IN_FRAMEWORK_HEADER = YES;
				CLANG_WARN_RANGE_LOOP_ANALYSIS = YES;
				CLANG_WARN_STRICT_PROTOTYPES = YES;
				CLANG_WARN_SUSPICIOUS_MOVE = YES;
				CLANG_WARN_UNGUARDED_AVAILABILITY = YES_AGGRESSIVE;
				CLANG_WARN_UNREACHABLE_CODE = YES;
				CLANG_WARN__DUPLICATE_METHOD_MATCH = YES;
				COPY_PHASE_STRIP = NO;
				DEBUG_INFORMATION_FORMAT = dwarf;
				ENABLE_STRICT_OBJC_MSGSEND = YES;
				ENABLE_TESTABILITY = YES;
				GCC_C_LANGUAGE_STANDARD = gnu11;
				GCC_DYNAMIC_NO_PIC = NO;
				GCC_NO_COMMON_BLOCKS = YES;
				GCC_OPTIMIZATION_LEVEL = 0;
				GCC_PREPROCESSOR_DEFINITIONS = (
					"DEBUG=1",
					"$(inherited)",
				);
				GCC_WARN_64_TO_32_BIT_CONVERSION = YES;
				GCC_WARN_ABOUT_RETURN_TYPE = YES_ERROR;
				GCC_WARN_UNDECLARED_SELECTOR = YES;
				GCC_WARN_UNINITIALIZED_AUTOS = YES_AGGRESSIVE;
				GCC_WARN_UNUSED_FUNCTION = YES;
				GCC_WARN_UNUSED_VARIABLE = YES;
				IPHONEOS_DEPLOYMENT_TARGET = 14.1;
				MTL_ENABLE_DEBUG_INFO = INCLUDE_SOURCE;
				MTL_FAST_MATH = YES;
				ONLY_ACTIVE_ARCH = YES;
				SDKROOT = iphoneos;
				SWIFT_ACTIVE_COMPILATION_CONDITIONS = DEBUG;
				SWIFT_OPTIMIZATION_LEVEL = "-Onone";
			};
			name = Debug;
		};
		185E1D6D25DA1DFB001C912C /* Release */ = {
			isa = XCBuildConfiguration;
			buildSettings = {
				ALWAYS_SEARCH_USER_PATHS = NO;
				CLANG_ANALYZER_NONNULL = YES;
				CLANG_ANALYZER_NUMBER_OBJECT_CONVERSION = YES_AGGRESSIVE;
				CLANG_CXX_LANGUAGE_STANDARD = "gnu++14";
				CLANG_CXX_LIBRARY = "libc++";
				CLANG_ENABLE_MODULES = YES;
				CLANG_ENABLE_OBJC_ARC = YES;
				CLANG_ENABLE_OBJC_WEAK = YES;
				CLANG_WARN_BLOCK_CAPTURE_AUTORELEASING = YES;
				CLANG_WARN_BOOL_CONVERSION = YES;
				CLANG_WARN_COMMA = YES;
				CLANG_WARN_CONSTANT_CONVERSION = YES;
				CLANG_WARN_DEPRECATED_OBJC_IMPLEMENTATIONS = YES;
				CLANG_WARN_DIRECT_OBJC_ISA_USAGE = YES_ERROR;
				CLANG_WARN_DOCUMENTATION_COMMENTS = YES;
				CLANG_WARN_EMPTY_BODY = YES;
				CLANG_WARN_ENUM_CONVERSION = YES;
				CLANG_WARN_INFINITE_RECURSION = YES;
				CLANG_WARN_INT_CONVERSION = YES;
				CLANG_WARN_NON_LITERAL_NULL_CONVERSION = YES;
				CLANG_WARN_OBJC_IMPLICIT_RETAIN_SELF = YES;
				CLANG_WARN_OBJC_LITERAL_CONVERSION = YES;
				CLANG_WARN_OBJC_ROOT_CLASS = YES_ERROR;
				CLANG_WARN_QUOTED_INCLUDE_IN_FRAMEWORK_HEADER = YES;
				CLANG_WARN_RANGE_LOOP_ANALYSIS = YES;
				CLANG_WARN_STRICT_PROTOTYPES = YES;
				CLANG_WARN_SUSPICIOUS_MOVE = YES;
				CLANG_WARN_UNGUARDED_AVAILABILITY = YES_AGGRESSIVE;
				CLANG_WARN_UNREACHABLE_CODE = YES;
				CLANG_WARN__DUPLICATE_METHOD_MATCH = YES;
				COPY_PHASE_STRIP = NO;
				DEBUG_INFORMATION_FORMAT = "dwarf-with-dsym";
				ENABLE_NS_ASSERTIONS = NO;
				ENABLE_STRICT_OBJC_MSGSEND = YES;
				GCC_C_LANGUAGE_STANDARD = gnu11;
				GCC_NO_COMMON_BLOCKS = YES;
				GCC_WARN_64_TO_32_BIT_CONVERSION = YES;
				GCC_WARN_ABOUT_RETURN_TYPE = YES_ERROR;
				GCC_WARN_UNDECLARED_SELECTOR = YES;
				GCC_WARN_UNINITIALIZED_AUTOS = YES_AGGRESSIVE;
				GCC_WARN_UNUSED_FUNCTION = YES;
				GCC_WARN_UNUSED_VARIABLE = YES;
				IPHONEOS_DEPLOYMENT_TARGET = 14.1;
				MTL_ENABLE_DEBUG_INFO = NO;
				MTL_FAST_MATH = YES;
				SDKROOT = iphoneos;
				SWIFT_COMPILATION_MODE = wholemodule;
				SWIFT_OPTIMIZATION_LEVEL = "-O";
				VALIDATE_PRODUCT = YES;
			};
			name = Release;
		};
		185E1D6F25DA1DFB001C912C /* Debug */ = {
			isa = XCBuildConfiguration;
			buildSettings = {
				ASSETCATALOG_COMPILER_APPICON_NAME = AppIcon;
				ASSETCATALOG_COMPILER_GLOBAL_ACCENT_COLOR_NAME = AccentColor;
				CODE_SIGN_STYLE = Automatic;
				DEVELOPMENT_ASSET_PATHS = "\"Todo App/Preview Content\"";
				DEVELOPMENT_TEAM = H5XP9BLRFU;
				ENABLE_PREVIEWS = YES;
				INFOPLIST_FILE = "Todo App/Info.plist";
				LD_RUNPATH_SEARCH_PATHS = (
					"$(inherited)",
					"@executable_path/Frameworks",
				);
				PRODUCT_BUNDLE_IDENTIFIER = "com.Arzu.Todo-App";
				PRODUCT_NAME = "$(TARGET_NAME)";
				SWIFT_VERSION = 5.0;
				TARGETED_DEVICE_FAMILY = "1,2";
			};
			name = Debug;
		};
		185E1D7025DA1DFB001C912C /* Release */ = {
			isa = XCBuildConfiguration;
			buildSettings = {
				ASSETCATALOG_COMPILER_APPICON_NAME = AppIcon;
				ASSETCATALOG_COMPILER_GLOBAL_ACCENT_COLOR_NAME = AccentColor;
				CODE_SIGN_STYLE = Automatic;
				DEVELOPMENT_ASSET_PATHS = "\"Todo App/Preview Content\"";
				DEVELOPMENT_TEAM = H5XP9BLRFU;
				ENABLE_PREVIEWS = YES;
				INFOPLIST_FILE = "Todo App/Info.plist";
				LD_RUNPATH_SEARCH_PATHS = (
					"$(inherited)",
					"@executable_path/Frameworks",
				);
				PRODUCT_BUNDLE_IDENTIFIER = "com.Arzu.Todo-App";
				PRODUCT_NAME = "$(TARGET_NAME)";
				SWIFT_VERSION = 5.0;
				TARGETED_DEVICE_FAMILY = "1,2";
			};
			name = Release;
		};
/* End XCBuildConfiguration section */

/* Begin XCConfigurationList section */
		185E1D5225DA1DF8001C912C /* Build configuration list for PBXProject "Todo App" */ = {
			isa = XCConfigurationList;
			buildConfigurations = (
				185E1D6C25DA1DFB001C912C /* Debug */,
				185E1D6D25DA1DFB001C912C /* Release */,
			);
			defaultConfigurationIsVisible = 0;
			defaultConfigurationName = Release;
		};
		185E1D6E25DA1DFB001C912C /* Build configuration list for PBXNativeTarget "Todo App" */ = {
			isa = XCConfigurationList;
			buildConfigurations = (
				185E1D6F25DA1DFB001C912C /* Debug */,
				185E1D7025DA1DFB001C912C /* Release */,
			);
			defaultConfigurationIsVisible = 0;
			defaultConfigurationName = Release;
		};
/* End XCConfigurationList section */

/* Begin XCVersionGroup section */
		185E1D6025DA1DF8001C912C /* Todo_App.xcdatamodeld */ = {
			isa = XCVersionGroup;
			children = (
				185E1D6125DA1DF8001C912C /* Todo_App.xcdatamodel */,
			);
			currentVersion = 185E1D6125DA1DF8001C912C /* Todo_App.xcdatamodel */;
			path = Todo_App.xcdatamodeld;
			sourceTree = "<group>";
			versionGroupType = wrapper.xcdatamodel;
		};
/* End XCVersionGroup section */
	};
	rootObject = 185E1D4F25DA1DF8001C912C /* Project object */;
}
